PODS:
  - AssetsPickerViewController (2.5.5):
    - Device
    - Dimmer
    - FadeView
    - SnapKit
    - SwiftARGB
    - TinyLog
  - Device (3.1.2)
  - Dimmer (2.2.0):
    - FadeView (~> 2.0)
    - SnapKit
    - UIViewKVO (~> 2.0)
  - FadeView (2.0.0)
  - SnapKit (4.2.0)
  - SwiftARGB (2.0.0)
  - TinyLog (2.0.7)
  - UIViewKVO (2.0.0)

DEPENDENCIES:
  - AssetsPickerViewController (from `../`)

SPEC REPOS:
  https://github.com/cocoapods/specs.git:
    - Device
    - Dimmer
    - FadeView
    - SnapKit
    - SwiftARGB
    - TinyLog
    - UIViewKVO

EXTERNAL SOURCES:
  AssetsPickerViewController:
    :path: "../"

SPEC CHECKSUMS:
  AssetsPickerViewController: 4b38a05bf8af113c21d151028b2bc896f9fa0ad0
  Device: 62242076214c30fb5760174b3601cefafa70a481
  Dimmer: 55721e2f218f965474b8319d4457ed76e5e59ef0
  FadeView: 80197da2fbee5382b178127e8c5f988a35eef018
  SnapKit: fe8a619752f3f27075cc9a90244d75c6c3f27e2a
  SwiftARGB: 8727cfcdcfe8709e707a2391f1d5802a7c40dcad
  TinyLog: 073a9abfd44a944886d5d07aa49cbba5ef192335
  UIViewKVO: 091f9e020d69e73c4bf5e5ef61cde7bff1c24bbf

PODFILE CHECKSUM: 7fd02be6c6728ec4eb6910019f6cf194e5ea58cd

COCOAPODS: 1.5.3
