PODS:
  - AssetsPickerViewController (2.2.1):
    - Dimmer (~> 2.0)
    - FadeView (~> 2.0)
    - PureLayout
    - SwiftARGB (~> 2.0)
    - TinyLog (~> 2.0)
  - Dimmer (2.0.3):
    - FadeView (~> 2.0)
    - PureLayout
    - TinyLog (~> 2.0)
    - UIViewKVO (~> 2.0)
  - FadeView (2.0.0)
  - PureLayout (3.0.2)
  - SwiftARGB (2.0.0)
  - TinyLog (2.0.4)
  - UIViewKVO (2.0.0)

DEPENDENCIES:
  - AssetsPickerViewController (from `../`)

EXTERNAL SOURCES:
  AssetsPickerViewController:
    :path: ../

SPEC CHECKSUMS:
  AssetsPickerViewController: c91aed2549cbc899d2fd0b38ab826c24c58944de
  Dimmer: 9908a0003f4882eca1b2e318e11f82d32280794e
  FadeView: 80197da2fbee5382b178127e8c5f988a35eef018
  PureLayout: 4d550abe49a94f24c2808b9b95db9131685fe4cd
  SwiftARGB: 8727cfcdcfe8709e707a2391f1d5802a7c40dcad
  TinyLog: 1b19359cd3f32ab4972c595d002efc614e596529
  UIViewKVO: 091f9e020d69e73c4bf5e5ef61cde7bff1c24bbf

PODFILE CHECKSUM: 7fd02be6c6728ec4eb6910019f6cf194e5ea58cd

COCOAPODS: 1.3.1
